{
  "name": "@cloudcue/plugin-mock-ts",
  "version": "1.0.4",
  "lockfileVersion": 1,
  "requires": true,
  "dependencies": {
    "@cloudcue/contracts": {
      "version": "0.0.7",
      "resolved": "https://registry.npmjs.org/@cloudcue/contracts/-/contracts-0.0.7.tgz",
      "integrity": "sha512-ZP/1nqTB6psl5npIQb57wOeMFQVtd6UNZJQfaD5973UrfaPUnXMxYj2mdB6awuFkzqOYx9JbNlcrwjSfolLIzA==",
      "requires": {
        "strict-event-emitter-types": "^2.0.0"
      }
    },
    "@types/node": {
      "version": "14.11.2",
      "resolved": "https://registry.npmjs.org/@types/node/-/node-14.11.2.tgz",
      "integrity": "sha512-jiE3QIxJ8JLNcb1Ps6rDbysDhN4xa8DJJvuC9prr6w+1tIh+QAbYyNF3tyiZNLDBIuBCf4KEcV2UvQm/V60xfA==",
      "dev": true
    },
    "strict-event-emitter-types": {
      "version": "2.0.0",
      "resolved": "https://registry.npmjs.org/strict-event-emitter-types/-/strict-event-emitter-types-2.0.0.tgz",
      "integrity": "sha512-Nk/brWYpD85WlOgzw5h173aci0Teyv8YdIAEtV+N88nDB0dLlazZyJMIsN6eo1/AR61l+p6CJTG1JIyFaoNEEA=="
    },
    "typescript": {
      "version": "4.0.3",
      "resolved": "https://registry.npmjs.org/typescript/-/typescript-4.0.3.tgz",
      "integrity": "sha512-tEu6DGxGgRJPb/mVPIZ48e69xCn2yRmCgYmDugAVwmJ6o+0u1RI18eO7E7WBTLYLaEVVOhwQmcdhQHweux/WPg==",
      "dev": true
    }
  }
}
